
Microsoft Visual Studio Solution File, Format Version 12.00
# Visual Studio 15
VisualStudioVersion = 15.0.27428.2043
MinimumVisualStudioVersion = 10.0.40219.1
Project("{FAE04EC0-301F-11D3-BF4B-00C04F79EFBC}") = "ExportExcelToSQL", "ExportExcelToSQL\ExportExcelToSQL.csproj", "{CFCB9057-85DD-41AE-9B9E-CE46E2B79A84}"
EndProject
Project("{FAE04EC0-301F-11D3-BF4B-00C04F79EFBC}") = "ExportExcelToSQL.Tests", "ExportExcelToSQL.Tests\ExportExcelToSQL.Tests.csproj", "{6F0BB830-313E-4F72-803F-08219C1C0816}"
EndProject
Global
	GlobalSection(SolutionConfigurationPlatforms) = preSolution
		Debug|Any CPU = Debug|Any CPU
		Release|Any CPU = Release|Any CPU
	EndGlobalSection
	GlobalSection(ProjectConfigurationPlatforms) = postSolution
		{CFCB9057-85DD-41AE-9B9E-CE46E2B79A84}.Debug|Any CPU.ActiveCfg = Debug|Any CPU
		{CFCB9057-85DD-41AE-9B9E-CE46E2B79A84}.Debug|Any CPU.Build.0 = Debug|Any CPU
		{CFCB9057-85DD-41AE-9B9E-CE46E2B79A84}.Release|Any CPU.ActiveCfg = Release|Any CPU
		{CFCB9057-85DD-41AE-9B9E-CE46E2B79A84}.Release|Any CPU.Build.0 = Release|Any CPU
		{6F0BB830-313E-4F72-803F-08219C1C0816}.Debug|Any CPU.ActiveCfg = Debug|Any CPU
		{6F0BB830-313E-4F72-803F-08219C1C0816}.Debug|Any CPU.Build.0 = Debug|Any CPU
		{6F0BB830-313E-4F72-803F-08219C1C0816}.Release|Any CPU.ActiveCfg = Release|Any CPU
		{6F0BB830-313E-4F72-803F-08219C1C0816}.Release|Any CPU.Build.0 = Release|Any CPU
	EndGlobalSection
	GlobalSection(SolutionProperties) = preSolution
		HideSolutionNode = FALSE
	EndGlobalSection
	GlobalSection(ExtensibilityGlobals) = postSolution
		SolutionGuid = {9B0EC775-FE70-491D-AF67-8B8FFF47D3F6}
	EndGlobalSection
EndGlobal
